{
  "version": 4,
  "terraform_version": "0.12.6",
  "serial": 10,
  "lineage": "8bc8251d-be13-16b5-d5be-ad42abbd57bf",
  "outputs": {
    "IPAddress": {
      "value": "52.214.178.107",
      "type": "string"
    }
  },
  "resources": [
    {
      "mode": "managed",
      "type": "aws_instance",
      "name": "bastion",
      "provider": "provider.aws",
      "instances": [
        {
          "schema_version": 1,
          "attributes": {
            "ami": "ami-06358f49b5839867c",
            "arn": "arn:aws:ec2:eu-west-1:895352585421:instance/i-08ba1aa6b6c655038",
            "associate_public_ip_address": true,
            "availability_zone": "eu-west-1c",
            "cpu_core_count": 1,
            "cpu_threads_per_core": 1,
            "credit_specification": [
              {
                "cpu_credits": "standard"
              }
            ],
            "disable_api_termination": false,
            "ebs_block_device": [],
            "ebs_optimized": false,
            "ephemeral_block_device": [],
            "get_password_data": false,
            "host_id": null,
            "iam_instance_profile": "",
            "id": "i-08ba1aa6b6c655038",
            "instance_initiated_shutdown_behavior": null,
            "instance_state": "running",
            "instance_type": "t2.micro",
            "ipv6_address_count": 0,
            "ipv6_addresses": [],
            "key_name": "mykey",
            "monitoring": false,
            "network_interface": [],
            "network_interface_id": null,
            "password_data": "",
            "placement_group": "",
            "primary_network_interface_id": "eni-041c8ca457b7dbfaf",
            "private_dns": "ip-172-31-1-43.eu-west-1.compute.internal",
            "private_ip": "172.31.1.43",
            "public_dns": "ec2-52-214-178-107.eu-west-1.compute.amazonaws.com",
            "public_ip": "52.214.178.107",
            "root_block_device": [
              {
                "delete_on_termination": false,
                "encrypted": false,
                "iops": 100,
                "kms_key_id": "",
                "volume_id": "vol-0bf4e14d1067a3431",
                "volume_size": 30,
                "volume_type": "gp2"
              }
            ],
            "security_groups": [
              "default"
            ],
            "source_dest_check": true,
            "subnet_id": "subnet-3cbad35a",
            "tags": {
              "Name": "Bastion-host"
            },
            "tenancy": "default",
            "timeouts": null,
            "user_data": null,
            "user_data_base64": null,
            "volume_tags": {},
            "vpc_security_group_ids": [
              "sg-8e44c3fd"
            ]
          },
          "private": "eyJlMmJmYjczMC1lY2FhLTExZTYtOGY4OC0zNDM2M2JjN2M0YzAiOnsiY3JlYXRlIjo2MDAwMDAwMDAwMDAsImRlbGV0ZSI6MTIwMDAwMDAwMDAwMCwidXBkYXRlIjo2MDAwMDAwMDAwMDB9LCJzY2hlbWFfdmVyc2lvbiI6IjEifQ==",
          "depends_on": [
            "aws_key_pair.mykey"
          ]
        }
      ]
    },
    {
      "mode": "managed",
      "type": "aws_key_pair",
      "name": "mykey",
      "provider": "provider.aws",
      "instances": [
        {
          "schema_version": 1,
          "attributes": {
            "fingerprint": "b2:5f:22:93:83:09:44:45:29:49:db:e6:e7:a9:8a:f9",
            "id": "mykey",
            "key_name": "mykey",
            "key_name_prefix": null,
            "public_key": "ssh-rsa AAAAB3NzaC1yc2EAAAADAQABAAACAQCn9D2SxLC4pg0YiatTFVZbn1HDYIGP/g0uIFP6NeMwBzIZSTUYn04tGwxd1KMfExJRBAu/h2d+JUHT48y+x1WAUct/FzINs0uUaRZdEpCYNcqpJXqFK3/mbWlu6EFxQ5QICSPwQ5c98OvVrAszyrcSGtKllrjFXCpZxrEDSwOxztS5vLVki2ZtCdSIURyb9irowDfQboE2uuHUZzrBNsAPDo7lMVW/t7SF3yVTH1G1KJ6Ymvo7RzpixCWGwm/+mQMu2zBFm4nRM0r2ddFTZzzIYUVkf5lGvEVXDkrpZyPfwkIdfdzRSM32Mxz36xQkOnNJdmbJqf49d438XhoKa1W7rzB/Ldp1z/lWm/IeYmzG1w7QEQGhokI/hHbX5OdgZatIES8vaqvlux5oO94jq7LRSfREJWch+o+t/tSv8nsuYq3pi9uHIFEqPzxwLAlSYaDxHOYlklX5++YOyF/56qtXaXWn07mNiFYgIjHp5LsVrqpDTk54tzQz8FyaAIJngPIeNLf+AxYKRD1uixWjv3Za2kRHXUG94jg47xiPYGgMI+7PXziaqkLO148M6LcRybgBjZmXifTaJfAdkcUz29aBfVs75SQrzBDoN1CLU6hdnzKXG3YJckTbfwYo59htQinLbJncSIWJFnsrNpgvTZHKIY9Q8GE7lFOOQlAcYFujPQ== devop@devop"
          },
          "private": "eyJzY2hlbWFfdmVyc2lvbiI6IjEifQ=="
        }
      ]
    }
  ]
}
